
Microsoft Visual Studio Solution File, Format Version 12.00
# Visual Studio Version 17
VisualStudioVersion = 17.14.36109.1 d17.14
MinimumVisualStudioVersion = 10.0.40219.1
Project("{FAE04EC0-301F-11D3-BF4B-00C04F79EFBC}") = "EmailSender", "EmailSender\EmailSender.csproj", "{D7ACA03D-B0B8-4096-B285-0AF5D31CDCB9}"
EndProject
Global
	GlobalSection(SolutionConfigurationPlatforms) = preSolution
		Debug|Any CPU = Debug|Any CPU
		Release|Any CPU = Release|Any CPU
	EndGlobalSection
	GlobalSection(ProjectConfigurationPlatforms) = postSolution
		{D7ACA03D-B0B8-4096-B285-0AF5D31CDCB9}.Debug|Any CPU.ActiveCfg = Debug|Any CPU
		{D7ACA03D-B0B8-4096-B285-0AF5D31CDCB9}.Debug|Any CPU.Build.0 = Debug|Any CPU
		{D7ACA03D-B0B8-4096-B285-0AF5D31CDCB9}.Release|Any CPU.ActiveCfg = Release|Any CPU
		{D7ACA03D-B0B8-4096-B285-0AF5D31CDCB9}.Release|Any CPU.Build.0 = Release|Any CPU
	EndGlobalSection
	GlobalSection(SolutionProperties) = preSolution
		HideSolutionNode = FALSE
	EndGlobalSection
	GlobalSection(ExtensibilityGlobals) = postSolution
		SolutionGuid = {B7284B53-6CB8-499D-B93A-9CBDC1D99168}
	EndGlobalSection
EndGlobal
